
Microsoft Visual Studio Solution File, Format Version 12.00
# Visual Studio Version 17
VisualStudioVersion = 17.9.34728.123
MinimumVisualStudioVersion = 10.0.40219.1
Project("{FAE04EC0-301F-11D3-BF4B-00C04F79EFBC}") = "QuachTinhKhai_2224801030301", "QuachTinhKhai_2224801030301\QuachTinhKhai_2224801030301.csproj", "{564DF2C6-0C87-4E33-9E3D-BDD8E7BAC912}"
EndProject
Global
	GlobalSection(SolutionConfigurationPlatforms) = preSolution
		Debug|Any CPU = Debug|Any CPU
		Release|Any CPU = Release|Any CPU
	EndGlobalSection
	GlobalSection(ProjectConfigurationPlatforms) = postSolution
		{564DF2C6-0C87-4E33-9E3D-BDD8E7BAC912}.Debug|Any CPU.ActiveCfg = Debug|Any CPU
		{564DF2C6-0C87-4E33-9E3D-BDD8E7BAC912}.Debug|Any CPU.Build.0 = Debug|Any CPU
		{564DF2C6-0C87-4E33-9E3D-BDD8E7BAC912}.Release|Any CPU.ActiveCfg = Release|Any CPU
		{564DF2C6-0C87-4E33-9E3D-BDD8E7BAC912}.Release|Any CPU.Build.0 = Release|Any CPU
	EndGlobalSection
	GlobalSection(SolutionProperties) = preSolution
		HideSolutionNode = FALSE
	EndGlobalSection
	GlobalSection(ExtensibilityGlobals) = postSolution
		SolutionGuid = {01EEDBCA-360F-4379-B26B-771B74CA2D64}
	EndGlobalSection
EndGlobal
